github.com/davecgh/go-spew v1.1.0/go.mod h1:J7Y8YcW2NihsgmVo/mv3lAwl/skON4iLHjSsI+c5H38=
github.com/davecgh/go-spew v1.1.1 h1:vj9j/u1bqnvCEfJOwUhtlOARqs3+rkHYY13jYWTU97c=
github.com/davecgh/go-spew v1.1.1/go.mod h1:J7Y8YcW2NihsgmVo/mv3lAwl/skON4iLHjSsI+c5H38=
github.com/jinzhu/inflection v1.0.0 h1:K317FqzuhWc8YvSVlFMCCUb36O/S9MCKRDI7QkRKD/E=
github.com/jinzhu/inflection v1.0.0/go.mod h1:h+uFLlag+Qp1Va5pdKtLDYj+kHp5pxUVkryuEj+Srlc=
github.com/pmezard/go-difflib v1.0.0 h1:4DBwDE0NGyQoBHbLQYPwSUPoCMWR5BEzIk/f1lZbAQM=
github.com/pmezard/go-difflib v1.0.0/go.mod h1:iKH77koFhYxTK1pcRnkKkqfTogsbg7gZNVY4sRDYZ/4=
github.com/roadrunner-server/endure/v2 v2.4.2 h1:aFnPc321l5HDzE2mN5wwfksJ40lgXwfU3RSqdS1LyUQ=
github.com/roadrunner-server/endure/v2 v2.4.2/go.mod h1:vWTvn6NiYxUBDgwAyjv92i/qFemSUs+cTItMZvc5Zsk=
github.com/stretchr/objx v0.1.0/go.mod h1:HFkY916IF+rwdDfMAkV7OtwuqBVzrE8GR6GFx+wExME=
github.com/stretchr/testify v1.6.1/go.mod h1:6Fq8oRcR53rry900zMqJjRRixrwX3KX962/h/Wwjteg=
github.com/stretchr/testify v1.8.4 h1:CcVxjf3Q8PM0mHUKJCdn+eZZtm5yQwehR5yeSVQQcUk=
github.com/stretchr/testify v1.8.4/go.mod h1:sz/lmYIOXD/1dqDmKjjqLyZ2RngseejIcXlSw2iwfAo=
github.com/tmthrgd/go-hex v0.0.0-20190904060850-447a3041c3bc h1:9lRDQMhESg+zvGYmW5DyG0UqvY96Bu5QYsTLvCHdrgo=
github.com/tmthrgd/go-hex v0.0.0-20190904060850-447a3041c3bc/go.mod h1:bciPuU6GHm1iF1pBvUfxfsH0Wmnc2VbpgvbI9ZWuIRs=
github.com/uptrace/bun v1.1.14 h1:S5vvNnjEynJ0CvnrBOD7MIRW7q/WbtvFXrdfy0lddAM=
github.com/uptrace/bun v1.1.14/go.mod h1:RHk6DrIisO62dv10pUOJCz5MphXThuOTpVNYEYv7NI8=
github.com/uptrace/bun/dialect/mssqldialect v1.1.14 h1:ShFRyJ5CMwkCeG/HpLFZ+3AbnAvg2j8qrXa2yt37JOU=
github.com/uptrace/bun/dialect/mssqldialect v1.1.14/go.mod h1:p1z5vx2CVWAXX3KSN9vt8jdpbW7MZalKJuW7qEsg9oo=
github.com/uptrace/bun/dialect/mysqldialect v1.1.14 h1:5rSoWAzVOO62nkYzKgJv/LewEltPNEXxLogzBK8/BKY=
github.com/uptrace/bun/dialect/mysqldialect v1.1.14/go.mod h1:mDO/5SuaWYtwH6PdtNsBRywwjOENnU+Fv2jmveqtHVI=
github.com/uptrace/bun/dialect/pgdialect v1.1.14 h1:b7+V1KDJPQSFYgkG/6YLXCl2uvwEY3kf/GSM7hTHRDY=
github.com/uptrace/bun/dialect/pgdialect v1.1.14/go.mod h1:v6YiaXmnKQ2FlhRD2c0ZfKd+QXH09pYn4H8ojaavkKk=
github.com/uptrace/bun/dialect/sqlitedialect v1.1.14 h1:SlwXLxr+N1kEo8Q0cheRlnIZLZlWniEB1OI+jkiLgWE=
github.com/uptrace/bun/dialect/sqlitedialect v1.1.14/go.mod h1:9RTEj1l4bB9a4l1Mnc9y4COTwWlFYe1dh6fyxq1rR7A=
github.com/vmihailenco/msgpack/v5 v5.3.5 h1:5gO0H1iULLWGhs2H5tbAHIZTV8/cYafcFOr9znI5mJU=
github.com/vmihailenco/msgpack/v5 v5.3.5/go.mod h1:7xyJ9e+0+9SaZT0Wt1RGleJXzli6Q/V5KbhBonMG9jc=
github.com/vmihailenco/tagparser/v2 v2.0.0 h1:y09buUbR+b5aycVFQs/g70pqKVZNBmxwAhO7/IwNM9g=
github.com/vmihailenco/tagparser/v2 v2.0.0/go.mod h1:Wri+At7QHww0WTrCBeu4J6bNtoV6mEfg5OIWRZA9qds=
golang.org/x/mod v0.12.0 h1:rmsUpXtvNzj340zd98LZ4KntptpfRHwpFOHG188oHXc=
golang.org/x/mod v0.12.0/go.mod h1:iBbtSCu2XBx23ZKBPSOrRkjjQPZFPuis4dIYUhu/chs=
golang.org/x/sys v0.11.0 h1:eG7RXZHdqOJ1i+0lgLgCpSXAp6M3LYlAo6osgSi0xOM=
golang.org/x/sys v0.11.0/go.mod h1:oPkhp1MJrh7nUepCBck5+mAzfO9JrbApNNgaTdGDITg=
gopkg.in/check.v1 v0.0.0-20161208181325-20d25e280405/go.mod h1:Co6ibVJAznAaIkqp8huTwlJQCZ016jof/cbN4VW5Yz0=
gopkg.in/yaml.v3 v3.0.0-20200313102051-9f266ea9e77c/go.mod h1:K4uyk7z7BCEPqu6E+C64Yfv1cQ7kz7rIZviUmN+EgEM=
gopkg.in/yaml.v3 v3.0.1 h1:fxVm/GzAzEWqLHuvctI91KS9hhNmmWOoWu0XTYJS7CA=
gopkg.in/yaml.v3 v3.0.1/go.mod h1:K4uyk7z7BCEPqu6E+C64Yfv1cQ7kz7rIZviUmN+EgEM=
